
Microsoft Visual Studio Solution File, Format Version 12.00
# Visual Studio 15
VisualStudioVersion = 15.0.27428.2015
MinimumVisualStudioVersion = 10.0.40219.1
Project("{FAE04EC0-301F-11D3-BF4B-00C04F79EFBC}") = "ET_MME-1", "ET_MME-1\ET_MME-1.csproj", "{B02F30CE-1002-43BB-9CC7-72606980081A}"
EndProject
Global
	GlobalSection(SolutionConfigurationPlatforms) = preSolution
		Debug|Any CPU = Debug|Any CPU
		Release|Any CPU = Release|Any CPU
	EndGlobalSection
	GlobalSection(ProjectConfigurationPlatforms) = postSolution
		{B02F30CE-1002-43BB-9CC7-72606980081A}.Debug|Any CPU.ActiveCfg = Debug|Any CPU
		{B02F30CE-1002-43BB-9CC7-72606980081A}.Debug|Any CPU.Build.0 = Debug|Any CPU
		{B02F30CE-1002-43BB-9CC7-72606980081A}.Release|Any CPU.ActiveCfg = Release|Any CPU
		{B02F30CE-1002-43BB-9CC7-72606980081A}.Release|Any CPU.Build.0 = Release|Any CPU
	EndGlobalSection
	GlobalSection(SolutionProperties) = preSolution
		HideSolutionNode = FALSE
	EndGlobalSection
	GlobalSection(ExtensibilityGlobals) = postSolution
		SolutionGuid = {C7B61309-1DC7-4684-8AB6-045C0DE02F0C}
	EndGlobalSection
EndGlobal
